
Microsoft Visual Studio Solution File, Format Version 12.00
# Visual Studio Version 17
VisualStudioVersion = 17.3.32811.315
MinimumVisualStudioVersion = 10.0.40219.1
Project("{FAE04EC0-301F-11D3-BF4B-00C04F79EFBC}") = "ciselneSoustavy05", "ciselneSoustavy05.csproj", "{0598D274-EBA0-4E41-A0BD-622E6DF0A621}"
EndProject
Global
	GlobalSection(SolutionConfigurationPlatforms) = preSolution
		Debug|Any CPU = Debug|Any CPU
		Release|Any CPU = Release|Any CPU
	EndGlobalSection
	GlobalSection(ProjectConfigurationPlatforms) = postSolution
		{0598D274-EBA0-4E41-A0BD-622E6DF0A621}.Debug|Any CPU.ActiveCfg = Debug|Any CPU
		{0598D274-EBA0-4E41-A0BD-622E6DF0A621}.Debug|Any CPU.Build.0 = Debug|Any CPU
		{0598D274-EBA0-4E41-A0BD-622E6DF0A621}.Release|Any CPU.ActiveCfg = Release|Any CPU
		{0598D274-EBA0-4E41-A0BD-622E6DF0A621}.Release|Any CPU.Build.0 = Release|Any CPU
	EndGlobalSection
	GlobalSection(SolutionProperties) = preSolution
		HideSolutionNode = FALSE
	EndGlobalSection
	GlobalSection(ExtensibilityGlobals) = postSolution
		SolutionGuid = {A9AF7380-A788-4E9E-AC13-8F32EB553122}
	EndGlobalSection
EndGlobal
